
Microsoft Visual Studio Solution File, Format Version 12.00
# Visual Studio Version 16
VisualStudioVersion = 16.0.29709.97
MinimumVisualStudioVersion = 10.0.40219.1
Project("{FAE04EC0-301F-11D3-BF4B-00C04F79EFBC}") = "design-patterns", "design-patterns\design-patterns.csproj", "{1BDFA4A8-F29B-4AD6-AFB5-53AC13AF5032}"
EndProject
Project("{FAE04EC0-301F-11D3-BF4B-00C04F79EFBC}") = "creational-patterns", "creational-patterns\creational-patterns.csproj", "{99095C03-1C19-4FF3-A88B-D665A18F826D}"
EndProject
Global
	GlobalSection(SolutionConfigurationPlatforms) = preSolution
		Debug|Any CPU = Debug|Any CPU
		Release|Any CPU = Release|Any CPU
	EndGlobalSection
	GlobalSection(ProjectConfigurationPlatforms) = postSolution
		{1BDFA4A8-F29B-4AD6-AFB5-53AC13AF5032}.Debug|Any CPU.ActiveCfg = Debug|Any CPU
		{1BDFA4A8-F29B-4AD6-AFB5-53AC13AF5032}.Debug|Any CPU.Build.0 = Debug|Any CPU
		{1BDFA4A8-F29B-4AD6-AFB5-53AC13AF5032}.Release|Any CPU.ActiveCfg = Release|Any CPU
		{1BDFA4A8-F29B-4AD6-AFB5-53AC13AF5032}.Release|Any CPU.Build.0 = Release|Any CPU
		{99095C03-1C19-4FF3-A88B-D665A18F826D}.Debug|Any CPU.ActiveCfg = Debug|Any CPU
		{99095C03-1C19-4FF3-A88B-D665A18F826D}.Debug|Any CPU.Build.0 = Debug|Any CPU
		{99095C03-1C19-4FF3-A88B-D665A18F826D}.Release|Any CPU.ActiveCfg = Release|Any CPU
		{99095C03-1C19-4FF3-A88B-D665A18F826D}.Release|Any CPU.Build.0 = Release|Any CPU
	EndGlobalSection
	GlobalSection(SolutionProperties) = preSolution
		HideSolutionNode = FALSE
	EndGlobalSection
	GlobalSection(ExtensibilityGlobals) = postSolution
		SolutionGuid = {E7225978-702D-4DD3-879B-0D5F01D9900B}
	EndGlobalSection
EndGlobal
